
Microsoft Visual Studio Solution File, Format Version 12.00
# Visual Studio Version 16
VisualStudioVersion = 16.0.31205.134
MinimumVisualStudioVersion = 10.0.40219.1
Project("{FAE04EC0-301F-11D3-BF4B-00C04F79EFBC}") = "WebGeneral", "WebGeneral\WebGeneral.csproj", "{0D7BE9FA-C5FE-4AE2-8DB3-75B181765071}"
EndProject
Global
	GlobalSection(SolutionConfigurationPlatforms) = preSolution
		Debug|Any CPU = Debug|Any CPU
		Release|Any CPU = Release|Any CPU
	EndGlobalSection
	GlobalSection(ProjectConfigurationPlatforms) = postSolution
		{0D7BE9FA-C5FE-4AE2-8DB3-75B181765071}.Debug|Any CPU.ActiveCfg = Debug|Any CPU
		{0D7BE9FA-C5FE-4AE2-8DB3-75B181765071}.Debug|Any CPU.Build.0 = Debug|Any CPU
		{0D7BE9FA-C5FE-4AE2-8DB3-75B181765071}.Release|Any CPU.ActiveCfg = Release|Any CPU
		{0D7BE9FA-C5FE-4AE2-8DB3-75B181765071}.Release|Any CPU.Build.0 = Release|Any CPU
	EndGlobalSection
	GlobalSection(SolutionProperties) = preSolution
		HideSolutionNode = FALSE
	EndGlobalSection
	GlobalSection(ExtensibilityGlobals) = postSolution
		SolutionGuid = {38287477-D394-41EC-AEDA-0F7A2B23251C}
	EndGlobalSection
EndGlobal
